// !$*UTF8*$!
{
	archiveVersion = 1;
	classes = {
	};
	objectVersion = 56;
	objects = {

/* Begin PBXBuildFile section */
		5834CAA62BC4D64000954D00 /* AppDelegate.swift in Sources */ = {isa = PBXBuildFile; fileRef = 5834CAA52BC4D64000954D00 /* AppDelegate.swift */; };
		5834CAA82BC4D64000954D00 /* ViewController.swift in Sources */ = {isa = PBXBuildFile; fileRef = 5834CAA72BC4D64000954D00 /* ViewController.swift */; };
		5834CAAA2BC4D64100954D00 /* Assets.xcassets in Resources */ = {isa = PBXBuildFile; fileRef = 5834CAA92BC4D64100954D00 /* Assets.xcassets */; };
		5834CAAD2BC4D64100954D00 /* Base in Resources */ = {isa = PBXBuildFile; fileRef = 5834CAAC2BC4D64100954D00 /* Base */; };
		5834CAB82BC4D64100954D00 /* DarkEnergy_Unit_ConverterTests.swift in Sources */ = {isa = PBXBuildFile; fileRef = 5834CAB72BC4D64100954D00 /* DarkEnergy_Unit_ConverterTests.swift */; };
		5834CAC22BC4D64100954D00 /* DarkEnergy_Unit_ConverterUITests.swift in Sources */ = {isa = PBXBuildFile; fileRef = 5834CAC12BC4D64100954D00 /* DarkEnergy_Unit_ConverterUITests.swift */; };
		5834CAC42BC4D64100954D00 /* DarkEnergy_Unit_ConverterUITestsLaunchTests.swift in Sources */ = {isa = PBXBuildFile; fileRef = 5834CAC32BC4D64100954D00 /* DarkEnergy_Unit_ConverterUITestsLaunchTests.swift */; };
/* End PBXBuildFile section */

/* Begin PBXContainerItemProxy section */
		5834CAB42BC4D64100954D00 /* PBXContainerItemProxy */ = {
			isa = PBXContainerItemProxy;
			containerPortal = 5834CA9A2BC4D64000954D00 /* Project object */;
			proxyType = 1;
			remoteGlobalIDString = 5834CAA12BC4D64000954D00;
			remoteInfo = "DarkEnergy Unit Converter";
		};
		5834CABE2BC4D64100954D00 /* PBXContainerItemProxy */ = {
			isa = PBXContainerItemProxy;
			containerPortal = 5834CA9A2BC4D64000954D00 /* Project object */;
			proxyType = 1;
			remoteGlobalIDString = 5834CAA12BC4D64000954D00;
			remoteInfo = "DarkEnergy Unit Converter";
		};
/* End PBXContainerItemProxy section */

/* Begin PBXFileReference section */
		5834CAA22BC4D64000954D00 /* DarkEnergy Unit Converter.app */ = {isa = PBXFileReference; explicitFileType = wrapper.application; includeInIndex = 0; path = "DarkEnergy Unit Converter.app"; sourceTree = BUILT_PRODUCTS_DIR; };
		5834CAA52BC4D64000954D00 /* AppDelegate.swift */ = {isa = PBXFileReference; lastKnownFileType = sourcecode.swift; path = AppDelegate.swift; sourceTree = "<group>"; };
		5834CAA72BC4D64000954D00 /* ViewController.swift */ = {isa = PBXFileReference; lastKnownFileType = sourcecode.swift; path = ViewController.swift; sourceTree = "<group>"; };
		5834CAA92BC4D64100954D00 /* Assets.xcassets */ = {isa = PBXFileReference; lastKnownFileType = folder.assetcatalog; path = Assets.xcassets; sourceTree = "<group>"; };
		5834CAAC2BC4D64100954D00 /* Base */ = {isa = PBXFileReference; lastKnownFileType = file.storyboard; name = Base; path = Base.lproj/Main.storyboard; sourceTree = "<group>"; };
		5834CAAE2BC4D64100954D00 /* DarkEnergy_Unit_Converter.entitlements */ = {isa = PBXFileReference; lastKnownFileType = text.plist.entitlements; path = DarkEnergy_Unit_Converter.entitlements; sourceTree = "<group>"; };
		5834CAB32BC4D64100954D00 /* DarkEnergy Unit ConverterTests.xctest */ = {isa = PBXFileReference; explicitFileType = wrapper.cfbundle; includeInIndex = 0; path = "DarkEnergy Unit ConverterTests.xctest"; sourceTree = BUILT_PRODUCTS_DIR; };
		5834CAB72BC4D64100954D00 /* DarkEnergy_Unit_ConverterTests.swift */ = {isa = PBXFileReference; lastKnownFileType = sourcecode.swift; path = DarkEnergy_Unit_ConverterTests.swift; sourceTree = "<group>"; };
		5834CABD2BC4D64100954D00 /* DarkEnergy Unit ConverterUITests.xctest */ = {isa = PBXFileReference; explicitFileType = wrapper.cfbundle; includeInIndex = 0; path = "DarkEnergy Unit ConverterUITests.xctest"; sourceTree = BUILT_PRODUCTS_DIR; };
		5834CAC12BC4D64100954D00 /* DarkEnergy_Unit_ConverterUITests.swift */ = {isa = PBXFileReference; lastKnownFileType = sourcecode.swift; path = DarkEnergy_Unit_ConverterUITests.swift; sourceTree = "<group>"; };
		5834CAC32BC4D64100954D00 /* DarkEnergy_Unit_ConverterUITestsLaunchTests.swift */ = {isa = PBXFileReference; lastKnownFileType = sourcecode.swift; path = DarkEnergy_Unit_ConverterUITestsLaunchTests.swift; sourceTree = "<group>"; };
/* End PBXFileReference section */

/* Begin PBXFrameworksBuildPhase section */
		5834CA9F2BC4D64000954D00 /* Frameworks */ = {
			isa = PBXFrameworksBuildPhase;
			buildActionMask = 2147483647;
			files = (
			);
			runOnlyForDeploymentPostprocessing = 0;
		};
		5834CAB02BC4D64100954D00 /* Frameworks */ = {
			isa = PBXFrameworksBuildPhase;
			buildActionMask = 2147483647;
			files = (
			);
			runOnlyForDeploymentPostprocessing = 0;
		};
		5834CABA2BC4D64100954D00 /* Frameworks */ = {
			isa = PBXFrameworksBuildPhase;
			buildActionMask = 2147483647;
			files = (
			);
			runOnlyForDeploymentPostprocessing = 0;
		};
/* End PBXFrameworksBuildPhase section */

/* Begin PBXGroup section */
		5834CA992BC4D64000954D00 = {
			isa = PBXGroup;
			children = (
				5834CAA42BC4D64000954D00 /* DarkEnergy Unit Converter */,
				5834CAB62BC4D64100954D00 /* DarkEnergy Unit ConverterTests */,
				5834CAC02BC4D64100954D00 /* DarkEnergy Unit ConverterUITests */,
				5834CAA32BC4D64000954D00 /* Products */,
			);
			sourceTree = "<group>";
		};
		5834CAA32BC4D64000954D00 /* Products */ = {
			isa = PBXGroup;
			children = (
				5834CAA22BC4D64000954D00 /* DarkEnergy Unit Converter.app */,
				5834CAB32BC4D64100954D00 /* DarkEnergy Unit ConverterTests.xctest */,
				5834CABD2BC4D64100954D00 /* DarkEnergy Unit ConverterUITests.xctest */,
			);
			name = Products;
			sourceTree = "<group>";
		};
		5834CAA42BC4D64000954D00 /* DarkEnergy Unit Converter */ = {
			isa = PBXGroup;
			children = (
				5834CAA52BC4D64000954D00 /* AppDelegate.swift */,
				5834CAA72BC4D64000954D00 /* ViewController.swift */,
				5834CAA92BC4D64100954D00 /* Assets.xcassets */,
				5834CAAB2BC4D64100954D00 /* Main.storyboard */,
				5834CAAE2BC4D64100954D00 /* DarkEnergy_Unit_Converter.entitlements */,
			);
			path = "DarkEnergy Unit Converter";
			sourceTree = "<group>";
		};
		5834CAB62BC4D64100954D00 /* DarkEnergy Unit ConverterTests */ = {
			isa = PBXGroup;
			children = (
				5834CAB72BC4D64100954D00 /* DarkEnergy_Unit_ConverterTests.swift */,
			);
			path = "DarkEnergy Unit ConverterTests";
			sourceTree = "<group>";
		};
		5834CAC02BC4D64100954D00 /* DarkEnergy Unit ConverterUITests */ = {
			isa = PBXGroup;
			children = (
				5834CAC12BC4D64100954D00 /* DarkEnergy_Unit_ConverterUITests.swift */,
				5834CAC32BC4D64100954D00 /* DarkEnergy_Unit_ConverterUITestsLaunchTests.swift */,
			);
			path = "DarkEnergy Unit ConverterUITests";
			sourceTree = "<group>";
		};
/* End PBXGroup section */

/* Begin PBXNativeTarget section */
		5834CAA12BC4D64000954D00 /* DarkEnergy Unit Converter */ = {
			isa = PBXNativeTarget;
			buildConfigurationList = 5834CAC72BC4D64100954D00 /* Build configuration list for PBXNativeTarget "DarkEnergy Unit Converter" */;
			buildPhases = (
				5834CA9E2BC4D64000954D00 /* Sources */,
				5834CA9F2BC4D64000954D00 /* Frameworks */,
				5834CAA02BC4D64000954D00 /* Resources */,
			);
			buildRules = (
			);
			dependencies = (
			);
			name = "DarkEnergy Unit Converter";
			productName = "DarkEnergy Unit Converter";
			productReference = 5834CAA22BC4D64000954D00 /* DarkEnergy Unit Converter.app */;
			productType = "com.apple.product-type.application";
		};
		5834CAB22BC4D64100954D00 /* DarkEnergy Unit ConverterTests */ = {
			isa = PBXNativeTarget;
			buildConfigurationList = 5834CACA2BC4D64100954D00 /* Build configuration list for PBXNativeTarget "DarkEnergy Unit ConverterTests" */;
			buildPhases = (
				5834CAAF2BC4D64100954D00 /* Sources */,
				5834CAB02BC4D64100954D00 /* Frameworks */,
				5834CAB12BC4D64100954D00 /* Resources */,
			);
			buildRules = (
			);
			dependencies = (
				5834CAB52BC4D64100954D00 /* PBXTargetDependency */,
			);
			name = "DarkEnergy Unit ConverterTests";
			productName = "DarkEnergy Unit ConverterTests";
			productReference = 5834CAB32BC4D64100954D00 /* DarkEnergy Unit ConverterTests.xctest */;
			productType = "com.apple.product-type.bundle.unit-test";
		};
		5834CABC2BC4D64100954D00 /* DarkEnergy Unit ConverterUITests */ = {
			isa = PBXNativeTarget;
			buildConfigurationList = 5834CACD2BC4D64100954D00 /* Build configuration list for PBXNativeTarget "DarkEnergy Unit ConverterUITests" */;
			buildPhases = (
				5834CAB92BC4D64100954D00 /* Sources */,
				5834CABA2BC4D64100954D00 /* Frameworks */,
				5834CABB2BC4D64100954D00 /* Resources */,
			);
			buildRules = (
			);
			dependencies = (
				5834CABF2BC4D64100954D00 /* PBXTargetDependency */,
			);
			name = "DarkEnergy Unit ConverterUITests";
			productName = "DarkEnergy Unit ConverterUITests";
			productReference = 5834CABD2BC4D64100954D00 /* DarkEnergy Unit ConverterUITests.xctest */;
			productType = "com.apple.product-type.bundle.ui-testing";
		};
/* End PBXNativeTarget section */

/* Begin PBXProject section */
		5834CA9A2BC4D64000954D00 /* Project object */ = {
			isa = PBXProject;
			attributes = {
				BuildIndependentTargetsInParallel = 1;
				LastSwiftUpdateCheck = 1530;
				LastUpgradeCheck = 1530;
				TargetAttributes = {
					5834CAA12BC4D64000954D00 = {
						CreatedOnToolsVersion = 15.3;
					};
					5834CAB22BC4D64100954D00 = {
						CreatedOnToolsVersion = 15.3;
						TestTargetID = 5834CAA12BC4D64000954D00;
					};
					5834CABC2BC4D64100954D00 = {
						CreatedOnToolsVersion = 15.3;
						TestTargetID = 5834CAA12BC4D64000954D00;
					};
				};
			};
			buildConfigurationList = 5834CA9D2BC4D64000954D00 /* Build configuration list for PBXProject "DarkEnergy Unit Converter" */;
			compatibilityVersion = "Xcode 14.0";
			developmentRegion = en;
			hasScannedForEncodings = 0;
			knownRegions = (
				en,
				Base,
			);
			mainGroup = 5834CA992BC4D64000954D00;
			productRefGroup = 5834CAA32BC4D64000954D00 /* Products */;
			projectDirPath = "";
			projectRoot = "";
			targets = (
				5834CAA12BC4D64000954D00 /* DarkEnergy Unit Converter */,
				5834CAB22BC4D64100954D00 /* DarkEnergy Unit ConverterTests */,
				5834CABC2BC4D64100954D00 /* DarkEnergy Unit ConverterUITests */,
			);
		};
/* End PBXProject section */

/* Begin PBXResourcesBuildPhase section */
		5834CAA02BC4D64000954D00 /* Resources */ = {
			isa = PBXResourcesBuildPhase;
			buildActionMask = 2147483647;
			files = (
				5834CAAA2BC4D64100954D00 /* Assets.xcassets in Resources */,
				5834CAAD2BC4D64100954D00 /* Base in Resources */,
			);
			runOnlyForDeploymentPostprocessing = 0;
		};
		5834CAB12BC4D64100954D00 /* Resources */ = {
			isa = PBXResourcesBuildPhase;
			buildActionMask = 2147483647;
			files = (
			);
			runOnlyForDeploymentPostprocessing = 0;
		};
		5834CABB2BC4D64100954D00 /* Resources */ = {
			isa = PBXResourcesBuildPhase;
			buildActionMask = 2147483647;
			files = (
			);
			runOnlyForDeploymentPostprocessing = 0;
		};
/* End PBXResourcesBuildPhase section */

/* Begin PBXSourcesBuildPhase section */
		5834CA9E2BC4D64000954D00 /* Sources */ = {
			isa = PBXSourcesBuildPhase;
			buildActionMask = 2147483647;
			files = (
				5834CAA82BC4D64000954D00 /* ViewController.swift in Sources */,
				5834CAA62BC4D64000954D00 /* AppDelegate.swift in Sources */,
			);
			runOnlyForDeploymentPostprocessing = 0;
		};
		5834CAAF2BC4D64100954D00 /* Sources */ = {
			isa = PBXSourcesBuildPhase;
			buildActionMask = 2147483647;
			files = (
				5834CAB82BC4D64100954D00 /* DarkEnergy_Unit_ConverterTests.swift in Sources */,
			);
			runOnlyForDeploymentPostprocessing = 0;
		};
		5834CAB92BC4D64100954D00 /* Sources */ = {
			isa = PBXSourcesBuildPhase;
			buildActionMask = 2147483647;
			files = (
				5834CAC22BC4D64100954D00 /* DarkEnergy_Unit_ConverterUITests.swift in Sources */,
				5834CAC42BC4D64100954D00 /* DarkEnergy_Unit_ConverterUITestsLaunchTests.swift in Sources */,
			);
			runOnlyForDeploymentPostprocessing = 0;
		};
/* End PBXSourcesBuildPhase section */

/* Begin PBXTargetDependency section */
		5834CAB52BC4D64100954D00 /* PBXTargetDependency */ = {
			isa = PBXTargetDependency;
			target = 5834CAA12BC4D64000954D00 /* DarkEnergy Unit Converter */;
			targetProxy = 5834CAB42BC4D64100954D00 /* PBXContainerItemProxy */;
		};
		5834CABF2BC4D64100954D00 /* PBXTargetDependency */ = {
			isa = PBXTargetDependency;
			target = 5834CAA12BC4D64000954D00 /* DarkEnergy Unit Converter */;
			targetProxy = 5834CABE2BC4D64100954D00 /* PBXContainerItemProxy */;
		};
/* End PBXTargetDependency section */

/* Begin PBXVariantGroup section */
		5834CAAB2BC4D64100954D00 /* Main.storyboard */ = {
			isa = PBXVariantGroup;
			children = (
				5834CAAC2BC4D64100954D00 /* Base */,
			);
			name = Main.storyboard;
			sourceTree = "<group>";
		};
/* End PBXVariantGroup section */

/* Begin XCBuildConfiguration section */
		5834CAC52BC4D64100954D00 /* Debug */ = {
			isa = XCBuildConfiguration;
			buildSettings = {
				ALWAYS_SEARCH_USER_PATHS = NO;
				ASSETCATALOG_COMPILER_GENERATE_SWIFT_ASSET_SYMBOL_EXTENSIONS = YES;
				CLANG_ANALYZER_NONNULL = YES;
				CLANG_ANALYZER_NUMBER_OBJECT_CONVERSION = YES_AGGRESSIVE;
				CLANG_CXX_LANGUAGE_STANDARD = "gnu++20";
				CLANG_ENABLE_MODULES = YES;
				CLANG_ENABLE_OBJC_ARC = YES;
				CLANG_ENABLE_OBJC_WEAK = YES;
				CLANG_WARN_BLOCK_CAPTURE_AUTORELEASING = YES;
				CLANG_WARN_BOOL_CONVERSION = YES;
				CLANG_WARN_COMMA = YES;
				CLANG_WARN_CONSTANT_CONVERSION = YES;
				CLANG_WARN_DEPRECATED_OBJC_IMPLEMENTATIONS = YES;
				CLANG_WARN_DIRECT_OBJC_ISA_USAGE = YES_ERROR;
				CLANG_WARN_DOCUMENTATION_COMMENTS = YES;
				CLANG_WARN_EMPTY_BODY = YES;
				CLANG_WARN_ENUM_CONVERSION = YES;
				CLANG_WARN_INFINITE_RECURSION = YES;
				CLANG_WARN_INT_CONVERSION = YES;
				CLANG_WARN_NON_LITERAL_NULL_CONVERSION = YES;
				CLANG_WARN_OBJC_IMPLICIT_RETAIN_SELF = YES;
				CLANG_WARN_OBJC_LITERAL_CONVERSION = YES;
				CLANG_WARN_OBJC_ROOT_CLASS = YES_ERROR;
				CLANG_WARN_QUOTED_INCLUDE_IN_FRAMEWORK_HEADER = YES;
				CLANG_WARN_RANGE_LOOP_ANALYSIS = YES;
				CLANG_WARN_STRICT_PROTOTYPES = YES;
				CLANG_WARN_SUSPICIOUS_MOVE = YES;
				CLANG_WARN_UNGUARDED_AVAILABILITY = YES_AGGRESSIVE;
				CLANG_WARN_UNREACHABLE_CODE = YES;
				CLANG_WARN__DUPLICATE_METHOD_MATCH = YES;
				COPY_PHASE_STRIP = NO;
				DEBUG_INFORMATION_FORMAT = dwarf;
				ENABLE_STRICT_OBJC_MSGSEND = YES;
				ENABLE_TESTABILITY = YES;
				ENABLE_USER_SCRIPT_SANDBOXING = YES;
				GCC_C_LANGUAGE_STANDARD = gnu17;
				GCC_DYNAMIC_NO_PIC = NO;
				GCC_NO_COMMON_BLOCKS = YES;
				GCC_OPTIMIZATION_LEVEL = 0;
				GCC_PREPROCESSOR_DEFINITIONS = (
					"DEBUG=1",
					"$(inherited)",
				);
				GCC_WARN_64_TO_32_BIT_CONVERSION = YES;
				GCC_WARN_ABOUT_RETURN_TYPE = YES_ERROR;
				GCC_WARN_UNDECLARED_SELECTOR = YES;
				GCC_WARN_UNINITIALIZED_AUTOS = YES_AGGRESSIVE;
				GCC_WARN_UNUSED_FUNCTION = YES;
				GCC_WARN_UNUSED_VARIABLE = YES;
				LOCALIZATION_PREFERS_STRING_CATALOGS = YES;
				MACOSX_DEPLOYMENT_TARGET = 14.4;
				MTL_ENABLE_DEBUG_INFO = INCLUDE_SOURCE;
				MTL_FAST_MATH = YES;
				ONLY_ACTIVE_ARCH = YES;
				SDKROOT = macosx;
				SWIFT_ACTIVE_COMPILATION_CONDITIONS = "DEBUG $(inherited)";
				SWIFT_OPTIMIZATION_LEVEL = "-Onone";
			};
			name = Debug;
		};
		5834CAC62BC4D64100954D00 /* Release */ = {
			isa = XCBuildConfiguration;
			buildSettings = {
				ALWAYS_SEARCH_USER_PATHS = NO;
				ASSETCATALOG_COMPILER_GENERATE_SWIFT_ASSET_SYMBOL_EXTENSIONS = YES;
				CLANG_ANALYZER_NONNULL = YES;
				CLANG_ANALYZER_NUMBER_OBJECT_CONVERSION = YES_AGGRESSIVE;
				CLANG_CXX_LANGUAGE_STANDARD = "gnu++20";
				CLANG_ENABLE_MODULES = YES;
				CLANG_ENABLE_OBJC_ARC = YES;
				CLANG_ENABLE_OBJC_WEAK = YES;
				CLANG_WARN_BLOCK_CAPTURE_AUTORELEASING = YES;
				CLANG_WARN_BOOL_CONVERSION = YES;
				CLANG_WARN_COMMA = YES;
				CLANG_WARN_CONSTANT_CONVERSION = YES;
				CLANG_WARN_DEPRECATED_OBJC_IMPLEMENTATIONS = YES;
				CLANG_WARN_DIRECT_OBJC_ISA_USAGE = YES_ERROR;
				CLANG_WARN_DOCUMENTATION_COMMENTS = YES;
				CLANG_WARN_EMPTY_BODY = YES;
				CLANG_WARN_ENUM_CONVERSION = YES;
				CLANG_WARN_INFINITE_RECURSION = YES;
				CLANG_WARN_INT_CONVERSION = YES;
				CLANG_WARN_NON_LITERAL_NULL_CONVERSION = YES;
				CLANG_WARN_OBJC_IMPLICIT_RETAIN_SELF = YES;
				CLANG_WARN_OBJC_LITERAL_CONVERSION = YES;
				CLANG_WARN_OBJC_ROOT_CLASS = YES_ERROR;
				CLANG_WARN_QUOTED_INCLUDE_IN_FRAMEWORK_HEADER = YES;
				CLANG_WARN_RANGE_LOOP_ANALYSIS = YES;
				CLANG_WARN_STRICT_PROTOTYPES = YES;
				CLANG_WARN_SUSPICIOUS_MOVE = YES;
				CLANG_WARN_UNGUARDED_AVAILABILITY = YES_AGGRESSIVE;
				CLANG_WARN_UNREACHABLE_CODE = YES;
				CLANG_WARN__DUPLICATE_METHOD_MATCH = YES;
				COPY_PHASE_STRIP = NO;
				DEBUG_INFORMATION_FORMAT = "dwarf-with-dsym";
				ENABLE_NS_ASSERTIONS = NO;
				ENABLE_STRICT_OBJC_MSGSEND = YES;
				ENABLE_USER_SCRIPT_SANDBOXING = YES;
				GCC_C_LANGUAGE_STANDARD = gnu17;
				GCC_NO_COMMON_BLOCKS = YES;
				GCC_WARN_64_TO_32_BIT_CONVERSION = YES;
				GCC_WARN_ABOUT_RETURN_TYPE = YES_ERROR;
				GCC_WARN_UNDECLARED_SELECTOR = YES;
				GCC_WARN_UNINITIALIZED_AUTOS = YES_AGGRESSIVE;
				GCC_WARN_UNUSED_FUNCTION = YES;
				GCC_WARN_UNUSED_VARIABLE = YES;
				LOCALIZATION_PREFERS_STRING_CATALOGS = YES;
				MACOSX_DEPLOYMENT_TARGET = 14.4;
				MTL_ENABLE_DEBUG_INFO = NO;
				MTL_FAST_MATH = YES;
				SDKROOT = macosx;
				SWIFT_COMPILATION_MODE = wholemodule;
			};
			name = Release;
		};
		5834CAC82BC4D64100954D00 /* Debug */ = {
			isa = XCBuildConfiguration;
			buildSettings = {
				ASSETCATALOG_COMPILER_APPICON_NAME = AppIcon;
				ASSETCATALOG_COMPILER_GLOBAL_ACCENT_COLOR_NAME = AccentColor;
				CODE_SIGN_ENTITLEMENTS = "DarkEnergy Unit Converter/DarkEnergy_Unit_Converter.entitlements";
				CODE_SIGN_STYLE = Automatic;
				COMBINE_HIDPI_IMAGES = YES;
				CURRENT_PROJECT_VERSION = 1;
				DEVELOPMENT_TEAM = 6978VNDYVX;
				ENABLE_HARDENED_RUNTIME = YES;
				GENERATE_INFOPLIST_FILE = YES;
				INFOPLIST_KEY_NSHumanReadableCopyright = "";
				INFOPLIST_KEY_NSMainStoryboardFile = Main;
				INFOPLIST_KEY_NSPrincipalClass = NSApplication;
				LD_RUNPATH_SEARCH_PATHS = (
					"$(inherited)",
					"@executable_path/../Frameworks",
				);
				MARKETING_VERSION = 1.0;
				PRODUCT_BUNDLE_IDENTIFIER = "DarkEnergyLab.DarkEnergy-Unit-Converter";
				PRODUCT_NAME = "$(TARGET_NAME)";
				SWIFT_EMIT_LOC_STRINGS = YES;
				SWIFT_VERSION = 5.0;
			};
			name = Debug;
		};
		5834CAC92BC4D64100954D00 /* Release */ = {
			isa = XCBuildConfiguration;
			buildSettings = {
				ASSETCATALOG_COMPILER_APPICON_NAME = AppIcon;
				ASSETCATALOG_COMPILER_GLOBAL_ACCENT_COLOR_NAME = AccentColor;
				CODE_SIGN_ENTITLEMENTS = "DarkEnergy Unit Converter/DarkEnergy_Unit_Converter.entitlements";
				CODE_SIGN_STYLE = Automatic;
				COMBINE_HIDPI_IMAGES = YES;
				CURRENT_PROJECT_VERSION = 1;
				DEVELOPMENT_TEAM = 6978VNDYVX;
				ENABLE_HARDENED_RUNTIME = YES;
				GENERATE_INFOPLIST_FILE = YES;
				INFOPLIST_KEY_NSHumanReadableCopyright = "";
				INFOPLIST_KEY_NSMainStoryboardFile = Main;
				INFOPLIST_KEY_NSPrincipalClass = NSApplication;
				LD_RUNPATH_SEARCH_PATHS = (
					"$(inherited)",
					"@executable_path/../Frameworks",
				);
				MARKETING_VERSION = 1.0;
				PRODUCT_BUNDLE_IDENTIFIER = "DarkEnergyLab.DarkEnergy-Unit-Converter";
				PRODUCT_NAME = "$(TARGET_NAME)";
				SWIFT_EMIT_LOC_STRINGS = YES;
				SWIFT_VERSION = 5.0;
			};
			name = Release;
		};
		5834CACB2BC4D64100954D00 /* Debug */ = {
			isa = XCBuildConfiguration;
			buildSettings = {
				ALWAYS_EMBED_SWIFT_STANDARD_LIBRARIES = YES;
				BUNDLE_LOADER = "$(TEST_HOST)";
				CODE_SIGN_STYLE = Automatic;
				CURRENT_PROJECT_VERSION = 1;
				DEVELOPMENT_TEAM = 6978VNDYVX;
				GENERATE_INFOPLIST_FILE = YES;
				MACOSX_DEPLOYMENT_TARGET = 14.4;
				MARKETING_VERSION = 1.0;
				PRODUCT_BUNDLE_IDENTIFIER = "DarkEnergyLab.DarkEnergy-Unit-ConverterTests";
				PRODUCT_NAME = "$(TARGET_NAME)";
				SWIFT_EMIT_LOC_STRINGS = NO;
				SWIFT_VERSION = 5.0;
				TEST_HOST = "$(BUILT_PRODUCTS_DIR)/DarkEnergy Unit Converter.app/$(BUNDLE_EXECUTABLE_FOLDER_PATH)/DarkEnergy Unit Converter";
			};
			name = Debug;
		};
		5834CACC2BC4D64100954D00 /* Release */ = {
			isa = XCBuildConfiguration;
			buildSettings = {
				ALWAYS_EMBED_SWIFT_STANDARD_LIBRARIES = YES;
				BUNDLE_LOADER = "$(TEST_HOST)";
				CODE_SIGN_STYLE = Automatic;
				CURRENT_PROJECT_VERSION = 1;
				DEVELOPMENT_TEAM = 6978VNDYVX;
				GENERATE_INFOPLIST_FILE = YES;
				MACOSX_DEPLOYMENT_TARGET = 14.4;
				MARKETING_VERSION = 1.0;
				PRODUCT_BUNDLE_IDENTIFIER = "DarkEnergyLab.DarkEnergy-Unit-ConverterTests";
				PRODUCT_NAME = "$(TARGET_NAME)";
				SWIFT_EMIT_LOC_STRINGS = NO;
				SWIFT_VERSION = 5.0;
				TEST_HOST = "$(BUILT_PRODUCTS_DIR)/DarkEnergy Unit Converter.app/$(BUNDLE_EXECUTABLE_FOLDER_PATH)/DarkEnergy Unit Converter";
			};
			name = Release;
		};
		5834CACE2BC4D64100954D00 /* Debug */ = {
			isa = XCBuildConfiguration;
			buildSettings = {
				ALWAYS_EMBED_SWIFT_STANDARD_LIBRARIES = YES;
				CODE_SIGN_STYLE = Automatic;
				CURRENT_PROJECT_VERSION = 1;
				DEVELOPMENT_TEAM = 6978VNDYVX;
				GENERATE_INFOPLIST_FILE = YES;
				MARKETING_VERSION = 1.0;
				PRODUCT_BUNDLE_IDENTIFIER = "DarkEnergyLab.DarkEnergy-Unit-ConverterUITests";
				PRODUCT_NAME = "$(TARGET_NAME)";
				SWIFT_EMIT_LOC_STRINGS = NO;
				SWIFT_VERSION = 5.0;
				TEST_TARGET_NAME = "DarkEnergy Unit Converter";
			};
			name = Debug;
		};
		5834CACF2BC4D64100954D00 /* Release */ = {
			isa = XCBuildConfiguration;
			buildSettings = {
				ALWAYS_EMBED_SWIFT_STANDARD_LIBRARIES = YES;
				CODE_SIGN_STYLE = Automatic;
				CURRENT_PROJECT_VERSION = 1;
				DEVELOPMENT_TEAM = 6978VNDYVX;
				GENERATE_INFOPLIST_FILE = YES;
				MARKETING_VERSION = 1.0;
				PRODUCT_BUNDLE_IDENTIFIER = "DarkEnergyLab.DarkEnergy-Unit-ConverterUITests";
				PRODUCT_NAME = "$(TARGET_NAME)";
				SWIFT_EMIT_LOC_STRINGS = NO;
				SWIFT_VERSION = 5.0;
				TEST_TARGET_NAME = "DarkEnergy Unit Converter";
			};
			name = Release;
		};
/* End XCBuildConfiguration section */

/* Begin XCConfigurationList section */
		5834CA9D2BC4D64000954D00 /* Build configuration list for PBXProject "DarkEnergy Unit Converter" */ = {
			isa = XCConfigurationList;
			buildConfigurations = (
				5834CAC52BC4D64100954D00 /* Debug */,
				5834CAC62BC4D64100954D00 /* Release */,
			);
			defaultConfigurationIsVisible = 0;
			defaultConfigurationName = Release;
		};
		5834CAC72BC4D64100954D00 /* Build configuration list for PBXNativeTarget "DarkEnergy Unit Converter" */ = {
			isa = XCConfigurationList;
			buildConfigurations = (
				5834CAC82BC4D64100954D00 /* Debug */,
				5834CAC92BC4D64100954D00 /* Release */,
			);
			defaultConfigurationIsVisible = 0;
			defaultConfigurationName = Release;
		};
		5834CACA2BC4D64100954D00 /* Build configuration list for PBXNativeTarget "DarkEnergy Unit ConverterTests" */ = {
			isa = XCConfigurationList;
			buildConfigurations = (
				5834CACB2BC4D64100954D00 /* Debug */,
				5834CACC2BC4D64100954D00 /* Release */,
			);
			defaultConfigurationIsVisible = 0;
			defaultConfigurationName = Release;
		};
		5834CACD2BC4D64100954D00 /* Build configuration list for PBXNativeTarget "DarkEnergy Unit ConverterUITests" */ = {
			isa = XCConfigurationList;
			buildConfigurations = (
				5834CACE2BC4D64100954D00 /* Debug */,
				5834CACF2BC4D64100954D00 /* Release */,
			);
			defaultConfigurationIsVisible = 0;
			defaultConfigurationName = Release;
		};
/* End XCConfigurationList section */
	};
	rootObject = 5834CA9A2BC4D64000954D00 /* Project object */;
}
